
Microsoft Visual Studio Solution File, Format Version 12.00
# Visual Studio Version 16
VisualStudioVersion = 16.0.30503.244
MinimumVisualStudioVersion = 10.0.40219.1
Project("{FAE04EC0-301F-11D3-BF4B-00C04F79EFBC}") = "number_28131", "number_28131.csproj", "{477DD2C6-1B18-4E15-BB1E-D4514A9BB2AB}"
EndProject
Global
	GlobalSection(SolutionConfigurationPlatforms) = preSolution
		Debug|Any CPU = Debug|Any CPU
		Release|Any CPU = Release|Any CPU
	EndGlobalSection
	GlobalSection(ProjectConfigurationPlatforms) = postSolution
		{477DD2C6-1B18-4E15-BB1E-D4514A9BB2AB}.Debug|Any CPU.ActiveCfg = Debug|Any CPU
		{477DD2C6-1B18-4E15-BB1E-D4514A9BB2AB}.Debug|Any CPU.Build.0 = Debug|Any CPU
		{477DD2C6-1B18-4E15-BB1E-D4514A9BB2AB}.Release|Any CPU.ActiveCfg = Release|Any CPU
		{477DD2C6-1B18-4E15-BB1E-D4514A9BB2AB}.Release|Any CPU.Build.0 = Release|Any CPU
	EndGlobalSection
	GlobalSection(SolutionProperties) = preSolution
		HideSolutionNode = FALSE
	EndGlobalSection
	GlobalSection(ExtensibilityGlobals) = postSolution
		SolutionGuid = {74F83EE8-9306-4E85-A2FB-0DB2346CC1E6}
	EndGlobalSection
EndGlobal
